
Microsoft Visual Studio Solution File, Format Version 12.00
# Visual Studio Version 16
VisualStudioVersion = 16.0.30717.126
MinimumVisualStudioVersion = 10.0.40219.1
Project("{FAE04EC0-301F-11D3-BF4B-00C04F79EFBC}") = "GameOfLifeOnConsole", "GameOfLifeOnConsole.csproj", "{EFC00119-6297-457B-9B5D-A6E2EBEA5CF5}"
EndProject
Global
	GlobalSection(SolutionConfigurationPlatforms) = preSolution
		Debug|Any CPU = Debug|Any CPU
		Release|Any CPU = Release|Any CPU
	EndGlobalSection
	GlobalSection(ProjectConfigurationPlatforms) = postSolution
		{EFC00119-6297-457B-9B5D-A6E2EBEA5CF5}.Debug|Any CPU.ActiveCfg = Debug|Any CPU
		{EFC00119-6297-457B-9B5D-A6E2EBEA5CF5}.Debug|Any CPU.Build.0 = Debug|Any CPU
		{EFC00119-6297-457B-9B5D-A6E2EBEA5CF5}.Release|Any CPU.ActiveCfg = Release|Any CPU
		{EFC00119-6297-457B-9B5D-A6E2EBEA5CF5}.Release|Any CPU.Build.0 = Release|Any CPU
	EndGlobalSection
	GlobalSection(SolutionProperties) = preSolution
		HideSolutionNode = FALSE
	EndGlobalSection
	GlobalSection(ExtensibilityGlobals) = postSolution
		SolutionGuid = {5F6A72D8-8374-4282-BA51-A009A39FFC93}
	EndGlobalSection
EndGlobal
